// !$*UTF8*$!
{
	archiveVersion = 1;
	classes = {
	};
	objectVersion = 46;
	objects = {

/* Begin PBXBuildFile section */
		302448A81980A56C007D52A7 /* main.c in Sources */ = {isa = PBXBuildFile; fileRef = 302448A71980A56C007D52A7 /* main.c */; };
/* End PBXBuildFile section */

/* Begin PBXCopyFilesBuildPhase section */
		302448A21980A56C007D52A7 /* CopyFiles */ = {
			isa = PBXCopyFilesBuildPhase;
			buildActionMask = 2147483647;
			dstPath = /usr/share/man/man1/;
			dstSubfolderSpec = 0;
			files = (
			);
			runOnlyForDeploymentPostprocessing = 1;
		};
/* End PBXCopyFilesBuildPhase section */

/* Begin PBXFileReference section */
		302448A41980A56C007D52A7 /* keyManager */ = {isa = PBXFileReference; explicitFileType = "compiled.mach-o.executable"; includeInIndex = 0; path = keyManager; sourceTree = BUILT_PRODUCTS_DIR; };
		302448A71980A56C007D52A7 /* main.c */ = {isa = PBXFileReference; lastKnownFileType = sourcecode.c.c; path = main.c; sourceTree = "<group>"; };
		30BBA87F199BC196004D1993 /* gmp.h */ = {isa = PBXFileReference; lastKnownFileType = sourcecode.c.h; path = gmp.h; sourceTree = "<group>"; };
		30BBA881199BC196004D1993 /* libgmp.10.dylib */ = {isa = PBXFileReference; lastKnownFileType = "compiled.mach-o.dylib"; path = libgmp.10.dylib; sourceTree = "<group>"; };
		30BBA882199BC196004D1993 /* libgmp.a */ = {isa = PBXFileReference; lastKnownFileType = archive.ar; path = libgmp.a; sourceTree = "<group>"; };
		30BBA883199BC196004D1993 /* libgmp.dylib */ = {isa = PBXFileReference; lastKnownFileType = "compiled.mach-o.dylib"; path = libgmp.dylib; sourceTree = "<group>"; };
		30BBA884199BC196004D1993 /* libgmp.la */ = {isa = PBXFileReference; lastKnownFileType = text; path = libgmp.la; sourceTree = "<group>"; };
		30BBA887199BC196004D1993 /* dir */ = {isa = PBXFileReference; lastKnownFileType = text; path = dir; sourceTree = "<group>"; };
		30BBA888199BC196004D1993 /* gmp.info */ = {isa = PBXFileReference; lastKnownFileType = text; path = gmp.info; sourceTree = "<group>"; };
		30BBA889199BC196004D1993 /* gmp.info-1 */ = {isa = PBXFileReference; lastKnownFileType = text; path = "gmp.info-1"; sourceTree = "<group>"; };
		30BBA88A199BC196004D1993 /* gmp.info-2 */ = {isa = PBXFileReference; lastKnownFileType = text; path = "gmp.info-2"; sourceTree = "<group>"; };
/* End PBXFileReference section */

/* Begin PBXFrameworksBuildPhase section */
		302448A11980A56C007D52A7 /* Frameworks */ = {
			isa = PBXFrameworksBuildPhase;
			buildActionMask = 2147483647;
			files = (
			);
			runOnlyForDeploymentPostprocessing = 0;
		};
/* End PBXFrameworksBuildPhase section */

/* Begin PBXGroup section */
		3024489B1980A56C007D52A7 = {
			isa = PBXGroup;
			children = (
				302448A61980A56C007D52A7 /* keyManager */,
				302448A51980A56C007D52A7 /* Products */,
			);
			sourceTree = "<group>";
		};
		302448A51980A56C007D52A7 /* Products */ = {
			isa = PBXGroup;
			children = (
				302448A41980A56C007D52A7 /* keyManager */,
			);
			name = Products;
			sourceTree = "<group>";
		};
		302448A61980A56C007D52A7 /* keyManager */ = {
			isa = PBXGroup;
			children = (
				30BBA88B199BC1A7004D1993 /* gmplib */,
				302448A71980A56C007D52A7 /* main.c */,
			);
			path = keyManager;
			sourceTree = "<group>";
		};
		30BBA87E199BC196004D1993 /* include */ = {
			isa = PBXGroup;
			children = (
				30BBA87F199BC196004D1993 /* gmp.h */,
			);
			path = include;
			sourceTree = "<group>";
		};
		30BBA880199BC196004D1993 /* lib */ = {
			isa = PBXGroup;
			children = (
				30BBA881199BC196004D1993 /* libgmp.10.dylib */,
				30BBA882199BC196004D1993 /* libgmp.a */,
				30BBA883199BC196004D1993 /* libgmp.dylib */,
				30BBA884199BC196004D1993 /* libgmp.la */,
			);
			path = lib;
			sourceTree = "<group>";
		};
		30BBA885199BC196004D1993 /* share */ = {
			isa = PBXGroup;
			children = (
				30BBA886199BC196004D1993 /* info */,
			);
			path = share;
			sourceTree = "<group>";
		};
		30BBA886199BC196004D1993 /* info */ = {
			isa = PBXGroup;
			children = (
				30BBA887199BC196004D1993 /* dir */,
				30BBA888199BC196004D1993 /* gmp.info */,
				30BBA889199BC196004D1993 /* gmp.info-1 */,
				30BBA88A199BC196004D1993 /* gmp.info-2 */,
			);
			path = info;
			sourceTree = "<group>";
		};
		30BBA88B199BC1A7004D1993 /* gmplib */ = {
			isa = PBXGroup;
			children = (
				30BBA87E199BC196004D1993 /* include */,
				30BBA880199BC196004D1993 /* lib */,
				30BBA885199BC196004D1993 /* share */,
			);
			name = gmplib;
			sourceTree = "<group>";
		};
/* End PBXGroup section */

/* Begin PBXNativeTarget section */
		302448A31980A56C007D52A7 /* keyManager */ = {
			isa = PBXNativeTarget;
			buildConfigurationList = 302448AD1980A56C007D52A7 /* Build configuration list for PBXNativeTarget "keyManager" */;
			buildPhases = (
				302448A01980A56C007D52A7 /* Sources */,
				302448A11980A56C007D52A7 /* Frameworks */,
				302448A21980A56C007D52A7 /* CopyFiles */,
			);
			buildRules = (
			);
			dependencies = (
			);
			name = keyManager;
			productName = keyManager;
			productReference = 302448A41980A56C007D52A7 /* keyManager */;
			productType = "com.apple.product-type.tool";
		};
/* End PBXNativeTarget section */

/* Begin PBXProject section */
		3024489C1980A56C007D52A7 /* Project object */ = {
			isa = PBXProject;
			attributes = {
				LastUpgradeCheck = 0510;
				ORGANIZATIONNAME = zk;
			};
			buildConfigurationList = 3024489F1980A56C007D52A7 /* Build configuration list for PBXProject "keyManager" */;
			compatibilityVersion = "Xcode 3.2";
			developmentRegion = English;
			hasScannedForEncodings = 0;
			knownRegions = (
				en,
			);
			mainGroup = 3024489B1980A56C007D52A7;
			productRefGroup = 302448A51980A56C007D52A7 /* Products */;
			projectDirPath = "";
			projectRoot = "";
			targets = (
				302448A31980A56C007D52A7 /* keyManager */,
			);
		};
/* End PBXProject section */

/* Begin PBXSourcesBuildPhase section */
		302448A01980A56C007D52A7 /* Sources */ = {
			isa = PBXSourcesBuildPhase;
			buildActionMask = 2147483647;
			files = (
				302448A81980A56C007D52A7 /* main.c in Sources */,
			);
			runOnlyForDeploymentPostprocessing = 0;
		};
/* End PBXSourcesBuildPhase section */

/* Begin XCBuildConfiguration section */
		302448AB1980A56C007D52A7 /* Debug */ = {
			isa = XCBuildConfiguration;
			buildSettings = {
				ALWAYS_SEARCH_USER_PATHS = NO;
				CLANG_CXX_LANGUAGE_STANDARD = "gnu++0x";
				CLANG_CXX_LIBRARY = "libc++";
				CLANG_ENABLE_MODULES = YES;
				CLANG_ENABLE_OBJC_ARC = YES;
				CLANG_WARN_BOOL_CONVERSION = YES;
				CLANG_WARN_CONSTANT_CONVERSION = YES;
				CLANG_WARN_DIRECT_OBJC_ISA_USAGE = YES_ERROR;
				CLANG_WARN_EMPTY_BODY = YES;
				CLANG_WARN_ENUM_CONVERSION = YES;
				CLANG_WARN_INT_CONVERSION = YES;
				CLANG_WARN_OBJC_ROOT_CLASS = YES_ERROR;
				CLANG_WARN__DUPLICATE_METHOD_MATCH = YES;
				COPY_PHASE_STRIP = NO;
				GCC_C_LANGUAGE_STANDARD = gnu99;
				GCC_DYNAMIC_NO_PIC = NO;
				GCC_ENABLE_OBJC_EXCEPTIONS = YES;
				GCC_OPTIMIZATION_LEVEL = 0;
				GCC_PREPROCESSOR_DEFINITIONS = (
					"DEBUG=1",
					"$(inherited)",
				);
				GCC_SYMBOLS_PRIVATE_EXTERN = NO;
				GCC_WARN_64_TO_32_BIT_CONVERSION = YES;
				GCC_WARN_ABOUT_RETURN_TYPE = YES_ERROR;
				GCC_WARN_UNDECLARED_SELECTOR = YES;
				GCC_WARN_UNINITIALIZED_AUTOS = YES_AGGRESSIVE;
				GCC_WARN_UNUSED_FUNCTION = YES;
				GCC_WARN_UNUSED_VARIABLE = YES;
				MACOSX_DEPLOYMENT_TARGET = 10.9;
				ONLY_ACTIVE_ARCH = YES;
				OTHER_CFLAGS = "";
				"OTHER_CFLAGS[arch=*]" = "";
				SDKROOT = macosx;
			};
			name = Debug;
		};
		302448AC1980A56C007D52A7 /* Release */ = {
			isa = XCBuildConfiguration;
			buildSettings = {
				ALWAYS_SEARCH_USER_PATHS = NO;
				CLANG_CXX_LANGUAGE_STANDARD = "gnu++0x";
				CLANG_CXX_LIBRARY = "libc++";
				CLANG_ENABLE_MODULES = YES;
				CLANG_ENABLE_OBJC_ARC = YES;
				CLANG_WARN_BOOL_CONVERSION = YES;
				CLANG_WARN_CONSTANT_CONVERSION = YES;
				CLANG_WARN_DIRECT_OBJC_ISA_USAGE = YES_ERROR;
				CLANG_WARN_EMPTY_BODY = YES;
				CLANG_WARN_ENUM_CONVERSION = YES;
				CLANG_WARN_INT_CONVERSION = YES;
				CLANG_WARN_OBJC_ROOT_CLASS = YES_ERROR;
				CLANG_WARN__DUPLICATE_METHOD_MATCH = YES;
				COPY_PHASE_STRIP = YES;
				DEBUG_INFORMATION_FORMAT = "dwarf-with-dsym";
				ENABLE_NS_ASSERTIONS = NO;
				GCC_C_LANGUAGE_STANDARD = gnu99;
				GCC_ENABLE_OBJC_EXCEPTIONS = YES;
				GCC_WARN_64_TO_32_BIT_CONVERSION = YES;
				GCC_WARN_ABOUT_RETURN_TYPE = YES_ERROR;
				GCC_WARN_UNDECLARED_SELECTOR = YES;
				GCC_WARN_UNINITIALIZED_AUTOS = YES_AGGRESSIVE;
				GCC_WARN_UNUSED_FUNCTION = YES;
				GCC_WARN_UNUSED_VARIABLE = YES;
				MACOSX_DEPLOYMENT_TARGET = 10.9;
				OTHER_CFLAGS = "";
				SDKROOT = macosx;
			};
			name = Release;
		};
		302448AE1980A56C007D52A7 /* Debug */ = {
			isa = XCBuildConfiguration;
			buildSettings = {
				HEADER_SEARCH_PATHS = (
					"$(inherited)",
					/Applications/Xcode.app/Contents/Developer/Toolchains/XcodeDefault.xctoolchain/usr/include,
					keyManager/lib,
				);
				LIBRARY_SEARCH_PATHS = keyManager/lib;
				"OTHER_CFLAGS[arch=*]" = "";
				"OTHER_LDFLAGS[arch=*]" = "-lgmp";
				PRODUCT_NAME = "$(TARGET_NAME)";
			};
			name = Debug;
		};
		302448AF1980A56C007D52A7 /* Release */ = {
			isa = XCBuildConfiguration;
			buildSettings = {
				HEADER_SEARCH_PATHS = (
					"$(inherited)",
					/Applications/Xcode.app/Contents/Developer/Toolchains/XcodeDefault.xctoolchain/usr/include,
					keyManager/lib,
				);
				LIBRARY_SEARCH_PATHS = keyManager/lib;
				PRODUCT_NAME = "$(TARGET_NAME)";
			};
			name = Release;
		};
/* End XCBuildConfiguration section */

/* Begin XCConfigurationList section */
		3024489F1980A56C007D52A7 /* Build configuration list for PBXProject "keyManager" */ = {
			isa = XCConfigurationList;
			buildConfigurations = (
				302448AB1980A56C007D52A7 /* Debug */,
				302448AC1980A56C007D52A7 /* Release */,
			);
			defaultConfigurationIsVisible = 0;
			defaultConfigurationName = Release;
		};
		302448AD1980A56C007D52A7 /* Build configuration list for PBXNativeTarget "keyManager" */ = {
			isa = XCConfigurationList;
			buildConfigurations = (
				302448AE1980A56C007D52A7 /* Debug */,
				302448AF1980A56C007D52A7 /* Release */,
			);
			defaultConfigurationIsVisible = 0;
			defaultConfigurationName = Release;
		};
/* End XCConfigurationList section */
	};
	rootObject = 3024489C1980A56C007D52A7 /* Project object */;
}
